
Microsoft Visual Studio Solution File, Format Version 12.00
# Visual Studio Version 17
VisualStudioVersion = 17.10.35004.147
MinimumVisualStudioVersion = 10.0.40219.1
Project("{FAE04EC0-301F-11D3-BF4B-00C04F79EFBC}") = "FullStack.API", "FullStack.API\FullStack.API.csproj", "{C627B888-FC10-4386-A018-7A14076C79DD}"
EndProject
Global
	GlobalSection(SolutionConfigurationPlatforms) = preSolution
		Debug|Any CPU = Debug|Any CPU
		Release|Any CPU = Release|Any CPU
	EndGlobalSection
	GlobalSection(ProjectConfigurationPlatforms) = postSolution
		{C627B888-FC10-4386-A018-7A14076C79DD}.Debug|Any CPU.ActiveCfg = Debug|Any CPU
		{C627B888-FC10-4386-A018-7A14076C79DD}.Debug|Any CPU.Build.0 = Debug|Any CPU
		{C627B888-FC10-4386-A018-7A14076C79DD}.Release|Any CPU.ActiveCfg = Release|Any CPU
		{C627B888-FC10-4386-A018-7A14076C79DD}.Release|Any CPU.Build.0 = Release|Any CPU
	EndGlobalSection
	GlobalSection(SolutionProperties) = preSolution
		HideSolutionNode = FALSE
	EndGlobalSection
	GlobalSection(ExtensibilityGlobals) = postSolution
		SolutionGuid = {1E8F7DF3-DE09-4DF8-9B07-A470A3E39981}
	EndGlobalSection
EndGlobal
